// !$*UTF8*$!
{
	archiveVersion = 1;
	classes = {
	};
	objectVersion = 46;
	objects = {

/* Begin PBXBuildFile section */
		A7CC2BAB1C2390FA009C4150 /* AppDelegate.swift in Sources */ = {isa = PBXBuildFile; fileRef = A7CC2BAA1C2390FA009C4150 /* AppDelegate.swift */; };
		A7CC2BAD1C2390FA009C4150 /* ViewController.swift in Sources */ = {isa = PBXBuildFile; fileRef = A7CC2BAC1C2390FA009C4150 /* ViewController.swift */; };
		A7CC2BB01C2390FA009C4150 /* Main.storyboard in Resources */ = {isa = PBXBuildFile; fileRef = A7CC2BAE1C2390FA009C4150 /* Main.storyboard */; };
		A7CC2BB21C2390FA009C4150 /* Images.xcassets in Resources */ = {isa = PBXBuildFile; fileRef = A7CC2BB11C2390FA009C4150 /* Images.xcassets */; };
		A7CC2BB51C2390FA009C4150 /* LaunchScreen.xib in Resources */ = {isa = PBXBuildFile; fileRef = A7CC2BB31C2390FA009C4150 /* LaunchScreen.xib */; };
		A7CC2BC11C2390FB009C4150 /* CalcuTipTests.swift in Sources */ = {isa = PBXBuildFile; fileRef = A7CC2BC01C2390FB009C4150 /* CalcuTipTests.swift */; };
/* End PBXBuildFile section */

/* Begin PBXContainerItemProxy section */
		A7CC2BBB1C2390FB009C4150 /* PBXContainerItemProxy */ = {
			isa = PBXContainerItemProxy;
			containerPortal = A7CC2B9D1C2390FA009C4150 /* Project object */;
			proxyType = 1;
			remoteGlobalIDString = A7CC2BA41C2390FA009C4150;
			remoteInfo = CalcuTip;
		};
/* End PBXContainerItemProxy section */

/* Begin PBXFileReference section */
		A7CC2BA51C2390FA009C4150 /* CalcuTip.app */ = {isa = PBXFileReference; explicitFileType = wrapper.application; includeInIndex = 0; path = CalcuTip.app; sourceTree = BUILT_PRODUCTS_DIR; };
		A7CC2BA91C2390FA009C4150 /* Info.plist */ = {isa = PBXFileReference; lastKnownFileType = text.plist.xml; path = Info.plist; sourceTree = "<group>"; };
		A7CC2BAA1C2390FA009C4150 /* AppDelegate.swift */ = {isa = PBXFileReference; lastKnownFileType = sourcecode.swift; path = AppDelegate.swift; sourceTree = "<group>"; };
		A7CC2BAC1C2390FA009C4150 /* ViewController.swift */ = {isa = PBXFileReference; lastKnownFileType = sourcecode.swift; path = ViewController.swift; sourceTree = "<group>"; };
		A7CC2BAF1C2390FA009C4150 /* Base */ = {isa = PBXFileReference; lastKnownFileType = file.storyboard; name = Base; path = Base.lproj/Main.storyboard; sourceTree = "<group>"; };
		A7CC2BB11C2390FA009C4150 /* Images.xcassets */ = {isa = PBXFileReference; lastKnownFileType = folder.assetcatalog; path = Images.xcassets; sourceTree = "<group>"; };
		A7CC2BB41C2390FA009C4150 /* Base */ = {isa = PBXFileReference; lastKnownFileType = file.xib; name = Base; path = Base.lproj/LaunchScreen.xib; sourceTree = "<group>"; };
		A7CC2BBA1C2390FB009C4150 /* CalcuTipTests.xctest */ = {isa = PBXFileReference; explicitFileType = wrapper.cfbundle; includeInIndex = 0; path = CalcuTipTests.xctest; sourceTree = BUILT_PRODUCTS_DIR; };
		A7CC2BBF1C2390FB009C4150 /* Info.plist */ = {isa = PBXFileReference; lastKnownFileType = text.plist.xml; path = Info.plist; sourceTree = "<group>"; };
		A7CC2BC01C2390FB009C4150 /* CalcuTipTests.swift */ = {isa = PBXFileReference; lastKnownFileType = sourcecode.swift; path = CalcuTipTests.swift; sourceTree = "<group>"; };
/* End PBXFileReference section */

/* Begin PBXFrameworksBuildPhase section */
		A7CC2BA21C2390FA009C4150 /* Frameworks */ = {
			isa = PBXFrameworksBuildPhase;
			buildActionMask = 2147483647;
			files = (
			);
			runOnlyForDeploymentPostprocessing = 0;
		};
		A7CC2BB71C2390FB009C4150 /* Frameworks */ = {
			isa = PBXFrameworksBuildPhase;
			buildActionMask = 2147483647;
			files = (
			);
			runOnlyForDeploymentPostprocessing = 0;
		};
/* End PBXFrameworksBuildPhase section */

/* Begin PBXGroup section */
		A7CC2B9C1C2390FA009C4150 = {
			isa = PBXGroup;
			children = (
				A7CC2BA71C2390FA009C4150 /* CalcuTip */,
				A7CC2BBD1C2390FB009C4150 /* CalcuTipTests */,
				A7CC2BA61C2390FA009C4150 /* Products */,
			);
			sourceTree = "<group>";
		};
		A7CC2BA61C2390FA009C4150 /* Products */ = {
			isa = PBXGroup;
			children = (
				A7CC2BA51C2390FA009C4150 /* CalcuTip.app */,
				A7CC2BBA1C2390FB009C4150 /* CalcuTipTests.xctest */,
			);
			name = Products;
			sourceTree = "<group>";
		};
		A7CC2BA71C2390FA009C4150 /* CalcuTip */ = {
			isa = PBXGroup;
			children = (
				A7CC2BAA1C2390FA009C4150 /* AppDelegate.swift */,
				A7CC2BAC1C2390FA009C4150 /* ViewController.swift */,
				A7CC2BAE1C2390FA009C4150 /* Main.storyboard */,
				A7CC2BB11C2390FA009C4150 /* Images.xcassets */,
				A7CC2BB31C2390FA009C4150 /* LaunchScreen.xib */,
				A7CC2BA81C2390FA009C4150 /* Supporting Files */,
			);
			path = CalcuTip;
			sourceTree = "<group>";
		};
		A7CC2BA81C2390FA009C4150 /* Supporting Files */ = {
			isa = PBXGroup;
			children = (
				A7CC2BA91C2390FA009C4150 /* Info.plist */,
			);
			name = "Supporting Files";
			sourceTree = "<group>";
		};
		A7CC2BBD1C2390FB009C4150 /* CalcuTipTests */ = {
			isa = PBXGroup;
			children = (
				A7CC2BC01C2390FB009C4150 /* CalcuTipTests.swift */,
				A7CC2BBE1C2390FB009C4150 /* Supporting Files */,
			);
			path = CalcuTipTests;
			sourceTree = "<group>";
		};
		A7CC2BBE1C2390FB009C4150 /* Supporting Files */ = {
			isa = PBXGroup;
			children = (
				A7CC2BBF1C2390FB009C4150 /* Info.plist */,
			);
			name = "Supporting Files";
			sourceTree = "<group>";
		};
/* End PBXGroup section */

/* Begin PBXNativeTarget section */
		A7CC2BA41C2390FA009C4150 /* CalcuTip */ = {
			isa = PBXNativeTarget;
			buildConfigurationList = A7CC2BC41C2390FB009C4150 /* Build configuration list for PBXNativeTarget "CalcuTip" */;
			buildPhases = (
				A7CC2BA11C2390FA009C4150 /* Sources */,
				A7CC2BA21C2390FA009C4150 /* Frameworks */,
				A7CC2BA31C2390FA009C4150 /* Resources */,
			);
			buildRules = (
			);
			dependencies = (
			);
			name = CalcuTip;
			productName = CalcuTip;
			productReference = A7CC2BA51C2390FA009C4150 /* CalcuTip.app */;
			productType = "com.apple.product-type.application";
		};
		A7CC2BB91C2390FB009C4150 /* CalcuTipTests */ = {
			isa = PBXNativeTarget;
			buildConfigurationList = A7CC2BC71C2390FB009C4150 /* Build configuration list for PBXNativeTarget "CalcuTipTests" */;
			buildPhases = (
				A7CC2BB61C2390FB009C4150 /* Sources */,
				A7CC2BB71C2390FB009C4150 /* Frameworks */,
				A7CC2BB81C2390FB009C4150 /* Resources */,
			);
			buildRules = (
			);
			dependencies = (
				A7CC2BBC1C2390FB009C4150 /* PBXTargetDependency */,
			);
			name = CalcuTipTests;
			productName = CalcuTipTests;
			productReference = A7CC2BBA1C2390FB009C4150 /* CalcuTipTests.xctest */;
			productType = "com.apple.product-type.bundle.unit-test";
		};
/* End PBXNativeTarget section */

/* Begin PBXProject section */
		A7CC2B9D1C2390FA009C4150 /* Project object */ = {
			isa = PBXProject;
			attributes = {
				LastUpgradeCheck = 0610;
				ORGANIZATIONNAME = "Vaibhav Sharma";
				TargetAttributes = {
					A7CC2BA41C2390FA009C4150 = {
						CreatedOnToolsVersion = 6.1;
					};
					A7CC2BB91C2390FB009C4150 = {
						CreatedOnToolsVersion = 6.1;
						TestTargetID = A7CC2BA41C2390FA009C4150;
					};
				};
			};
			buildConfigurationList = A7CC2BA01C2390FA009C4150 /* Build configuration list for PBXProject "CalcuTip" */;
			compatibilityVersion = "Xcode 3.2";
			developmentRegion = English;
			hasScannedForEncodings = 0;
			knownRegions = (
				en,
				Base,
			);
			mainGroup = A7CC2B9C1C2390FA009C4150;
			productRefGroup = A7CC2BA61C2390FA009C4150 /* Products */;
			projectDirPath = "";
			projectRoot = "";
			targets = (
				A7CC2BA41C2390FA009C4150 /* CalcuTip */,
				A7CC2BB91C2390FB009C4150 /* CalcuTipTests */,
			);
		};
/* End PBXProject section */

/* Begin PBXResourcesBuildPhase section */
		A7CC2BA31C2390FA009C4150 /* Resources */ = {
			isa = PBXResourcesBuildPhase;
			buildActionMask = 2147483647;
			files = (
				A7CC2BB01C2390FA009C4150 /* Main.storyboard in Resources */,
				A7CC2BB51C2390FA009C4150 /* LaunchScreen.xib in Resources */,
				A7CC2BB21C2390FA009C4150 /* Images.xcassets in Resources */,
			);
			runOnlyForDeploymentPostprocessing = 0;
		};
		A7CC2BB81C2390FB009C4150 /* Resources */ = {
			isa = PBXResourcesBuildPhase;
			buildActionMask = 2147483647;
			files = (
			);
			runOnlyForDeploymentPostprocessing = 0;
		};
/* End PBXResourcesBuildPhase section */

/* Begin PBXSourcesBuildPhase section */
		A7CC2BA11C2390FA009C4150 /* Sources */ = {
			isa = PBXSourcesBuildPhase;
			buildActionMask = 2147483647;
			files = (
				A7CC2BAD1C2390FA009C4150 /* ViewController.swift in Sources */,
				A7CC2BAB1C2390FA009C4150 /* AppDelegate.swift in Sources */,
			);
			runOnlyForDeploymentPostprocessing = 0;
		};
		A7CC2BB61C2390FB009C4150 /* Sources */ = {
			isa = PBXSourcesBuildPhase;
			buildActionMask = 2147483647;
			files = (
				A7CC2BC11C2390FB009C4150 /* CalcuTipTests.swift in Sources */,
			);
			runOnlyForDeploymentPostprocessing = 0;
		};
/* End PBXSourcesBuildPhase section */

/* Begin PBXTargetDependency section */
		A7CC2BBC1C2390FB009C4150 /* PBXTargetDependency */ = {
			isa = PBXTargetDependency;
			target = A7CC2BA41C2390FA009C4150 /* CalcuTip */;
			targetProxy = A7CC2BBB1C2390FB009C4150 /* PBXContainerItemProxy */;
		};
/* End PBXTargetDependency section */

/* Begin PBXVariantGroup section */
		A7CC2BAE1C2390FA009C4150 /* Main.storyboard */ = {
			isa = PBXVariantGroup;
			children = (
				A7CC2BAF1C2390FA009C4150 /* Base */,
			);
			name = Main.storyboard;
			sourceTree = "<group>";
		};
		A7CC2BB31C2390FA009C4150 /* LaunchScreen.xib */ = {
			isa = PBXVariantGroup;
			children = (
				A7CC2BB41C2390FA009C4150 /* Base */,
			);
			name = LaunchScreen.xib;
			sourceTree = "<group>";
		};
/* End PBXVariantGroup section */

/* Begin XCBuildConfiguration section */
		A7CC2BC21C2390FB009C4150 /* Debug */ = {
			isa = XCBuildConfiguration;
			buildSettings = {
				ALWAYS_SEARCH_USER_PATHS = NO;
				CLANG_CXX_LANGUAGE_STANDARD = "gnu++0x";
				CLANG_CXX_LIBRARY = "libc++";
				CLANG_ENABLE_MODULES = YES;
				CLANG_ENABLE_OBJC_ARC = YES;
				CLANG_WARN_BOOL_CONVERSION = YES;
				CLANG_WARN_CONSTANT_CONVERSION = YES;
				CLANG_WARN_DIRECT_OBJC_ISA_USAGE = YES_ERROR;
				CLANG_WARN_EMPTY_BODY = YES;
				CLANG_WARN_ENUM_CONVERSION = YES;
				CLANG_WARN_INT_CONVERSION = YES;
				CLANG_WARN_OBJC_ROOT_CLASS = YES_ERROR;
				CLANG_WARN_UNREACHABLE_CODE = YES;
				CLANG_WARN__DUPLICATE_METHOD_MATCH = YES;
				"CODE_SIGN_IDENTITY[sdk=iphoneos*]" = "iPhone Developer";
				COPY_PHASE_STRIP = NO;
				ENABLE_STRICT_OBJC_MSGSEND = YES;
				GCC_C_LANGUAGE_STANDARD = gnu99;
				GCC_DYNAMIC_NO_PIC = NO;
				GCC_OPTIMIZATION_LEVEL = 0;
				GCC_PREPROCESSOR_DEFINITIONS = (
					"DEBUG=1",
					"$(inherited)",
				);
				GCC_SYMBOLS_PRIVATE_EXTERN = NO;
				GCC_WARN_64_TO_32_BIT_CONVERSION = YES;
				GCC_WARN_ABOUT_RETURN_TYPE = YES_ERROR;
				GCC_WARN_UNDECLARED_SELECTOR = YES;
				GCC_WARN_UNINITIALIZED_AUTOS = YES_AGGRESSIVE;
				GCC_WARN_UNUSED_FUNCTION = YES;
				GCC_WARN_UNUSED_VARIABLE = YES;
				IPHONEOS_DEPLOYMENT_TARGET = 8.1;
				MTL_ENABLE_DEBUG_INFO = YES;
				ONLY_ACTIVE_ARCH = YES;
				SDKROOT = iphoneos;
				SWIFT_OPTIMIZATION_LEVEL = "-Onone";
				TARGETED_DEVICE_FAMILY = "1,2";
			};
			name = Debug;
		};
		A7CC2BC31C2390FB009C4150 /* Release */ = {
			isa = XCBuildConfiguration;
			buildSettings = {
				ALWAYS_SEARCH_USER_PATHS = NO;
				CLANG_CXX_LANGUAGE_STANDARD = "gnu++0x";
				CLANG_CXX_LIBRARY = "libc++";
				CLANG_ENABLE_MODULES = YES;
				CLANG_ENABLE_OBJC_ARC = YES;
				CLANG_WARN_BOOL_CONVERSION = YES;
				CLANG_WARN_CONSTANT_CONVERSION = YES;
				CLANG_WARN_DIRECT_OBJC_ISA_USAGE = YES_ERROR;
				CLANG_WARN_EMPTY_BODY = YES;
				CLANG_WARN_ENUM_CONVERSION = YES;
				CLANG_WARN_INT_CONVERSION = YES;
				CLANG_WARN_OBJC_ROOT_CLASS = YES_ERROR;
				CLANG_WARN_UNREACHABLE_CODE = YES;
				CLANG_WARN__DUPLICATE_METHOD_MATCH = YES;
				"CODE_SIGN_IDENTITY[sdk=iphoneos*]" = "iPhone Developer";
				COPY_PHASE_STRIP = YES;
				ENABLE_NS_ASSERTIONS = NO;
				ENABLE_STRICT_OBJC_MSGSEND = YES;
				GCC_C_LANGUAGE_STANDARD = gnu99;
				GCC_WARN_64_TO_32_BIT_CONVERSION = YES;
				GCC_WARN_ABOUT_RETURN_TYPE = YES_ERROR;
				GCC_WARN_UNDECLARED_SELECTOR = YES;
				GCC_WARN_UNINITIALIZED_AUTOS = YES_AGGRESSIVE;
				GCC_WARN_UNUSED_FUNCTION = YES;
				GCC_WARN_UNUSED_VARIABLE = YES;
				IPHONEOS_DEPLOYMENT_TARGET = 8.1;
				MTL_ENABLE_DEBUG_INFO = NO;
				SDKROOT = iphoneos;
				TARGETED_DEVICE_FAMILY = "1,2";
				VALIDATE_PRODUCT = YES;
			};
			name = Release;
		};
		A7CC2BC51C2390FB009C4150 /* Debug */ = {
			isa = XCBuildConfiguration;
			buildSettings = {
				ASSETCATALOG_COMPILER_APPICON_NAME = AppIcon;
				INFOPLIST_FILE = CalcuTip/Info.plist;
				LD_RUNPATH_SEARCH_PATHS = "$(inherited) @executable_path/Frameworks";
				PRODUCT_NAME = "$(TARGET_NAME)";
			};
			name = Debug;
		};
		A7CC2BC61C2390FB009C4150 /* Release */ = {
			isa = XCBuildConfiguration;
			buildSettings = {
				ASSETCATALOG_COMPILER_APPICON_NAME = AppIcon;
				INFOPLIST_FILE = CalcuTip/Info.plist;
				LD_RUNPATH_SEARCH_PATHS = "$(inherited) @executable_path/Frameworks";
				PRODUCT_NAME = "$(TARGET_NAME)";
			};
			name = Release;
		};
		A7CC2BC81C2390FB009C4150 /* Debug */ = {
			isa = XCBuildConfiguration;
			buildSettings = {
				BUNDLE_LOADER = "$(TEST_HOST)";
				FRAMEWORK_SEARCH_PATHS = (
					"$(SDKROOT)/Developer/Library/Frameworks",
					"$(inherited)",
				);
				GCC_PREPROCESSOR_DEFINITIONS = (
					"DEBUG=1",
					"$(inherited)",
				);
				INFOPLIST_FILE = CalcuTipTests/Info.plist;
				LD_RUNPATH_SEARCH_PATHS = "$(inherited) @executable_path/Frameworks @loader_path/Frameworks";
				PRODUCT_NAME = "$(TARGET_NAME)";
				TEST_HOST = "$(BUILT_PRODUCTS_DIR)/CalcuTip.app/CalcuTip";
			};
			name = Debug;
		};
		A7CC2BC91C2390FB009C4150 /* Release */ = {
			isa = XCBuildConfiguration;
			buildSettings = {
				BUNDLE_LOADER = "$(TEST_HOST)";
				FRAMEWORK_SEARCH_PATHS = (
					"$(SDKROOT)/Developer/Library/Frameworks",
					"$(inherited)",
				);
				INFOPLIST_FILE = CalcuTipTests/Info.plist;
				LD_RUNPATH_SEARCH_PATHS = "$(inherited) @executable_path/Frameworks @loader_path/Frameworks";
				PRODUCT_NAME = "$(TARGET_NAME)";
				TEST_HOST = "$(BUILT_PRODUCTS_DIR)/CalcuTip.app/CalcuTip";
			};
			name = Release;
		};
/* End XCBuildConfiguration section */

/* Begin XCConfigurationList section */
		A7CC2BA01C2390FA009C4150 /* Build configuration list for PBXProject "CalcuTip" */ = {
			isa = XCConfigurationList;
			buildConfigurations = (
				A7CC2BC21C2390FB009C4150 /* Debug */,
				A7CC2BC31C2390FB009C4150 /* Release */,
			);
			defaultConfigurationIsVisible = 0;
			defaultConfigurationName = Release;
		};
		A7CC2BC41C2390FB009C4150 /* Build configuration list for PBXNativeTarget "CalcuTip" */ = {
			isa = XCConfigurationList;
			buildConfigurations = (
				A7CC2BC51C2390FB009C4150 /* Debug */,
				A7CC2BC61C2390FB009C4150 /* Release */,
			);
			defaultConfigurationIsVisible = 0;
		};
		A7CC2BC71C2390FB009C4150 /* Build configuration list for PBXNativeTarget "CalcuTipTests" */ = {
			isa = XCConfigurationList;
			buildConfigurations = (
				A7CC2BC81C2390FB009C4150 /* Debug */,
				A7CC2BC91C2390FB009C4150 /* Release */,
			);
			defaultConfigurationIsVisible = 0;
		};
/* End XCConfigurationList section */
	};
	rootObject = A7CC2B9D1C2390FA009C4150 /* Project object */;
}
